
Microsoft Visual Studio Solution File, Format Version 12.00
# Visual Studio 15
VisualStudioVersion = 15.0.26403.7
MinimumVisualStudioVersion = 10.0.40219.1
Project("{FAE04EC0-301F-11D3-BF4B-00C04F79EFBC}") = "AngularWebProject", "AngularWebProject\AngularWebProject.csproj", "{4D46DDFA-B772-4AA5-A07D-BA6BC41E69D8}"
EndProject
Project("{FAE04EC0-301F-11D3-BF4B-00C04F79EFBC}") = "AngularWebProject.Api", "AngularWebProject.Api\AngularWebProject.Api.csproj", "{39D678CE-45DF-46A4-BA94-E75FFFB3B953}"
EndProject
Project("{00D1A9C2-B5F0-4AF3-8072-F6C62B433612}") = "AngularWebProject.Database", "AngularWebProject.Database\AngularWebProject.Database.sqlproj", "{D377B0F4-FF4B-481D-BF28-83B6E55E22E9}"
EndProject
Global
	GlobalSection(SolutionConfigurationPlatforms) = preSolution
		Debug|Any CPU = Debug|Any CPU
		Release|Any CPU = Release|Any CPU
	EndGlobalSection
	GlobalSection(ProjectConfigurationPlatforms) = postSolution
		{4D46DDFA-B772-4AA5-A07D-BA6BC41E69D8}.Debug|Any CPU.ActiveCfg = Debug|Any CPU
		{4D46DDFA-B772-4AA5-A07D-BA6BC41E69D8}.Debug|Any CPU.Build.0 = Debug|Any CPU
		{4D46DDFA-B772-4AA5-A07D-BA6BC41E69D8}.Release|Any CPU.ActiveCfg = Release|Any CPU
		{4D46DDFA-B772-4AA5-A07D-BA6BC41E69D8}.Release|Any CPU.Build.0 = Release|Any CPU
		{39D678CE-45DF-46A4-BA94-E75FFFB3B953}.Debug|Any CPU.ActiveCfg = Debug|Any CPU
		{39D678CE-45DF-46A4-BA94-E75FFFB3B953}.Debug|Any CPU.Build.0 = Debug|Any CPU
		{39D678CE-45DF-46A4-BA94-E75FFFB3B953}.Release|Any CPU.ActiveCfg = Release|Any CPU
		{39D678CE-45DF-46A4-BA94-E75FFFB3B953}.Release|Any CPU.Build.0 = Release|Any CPU
		{D377B0F4-FF4B-481D-BF28-83B6E55E22E9}.Debug|Any CPU.ActiveCfg = Debug|Any CPU
		{D377B0F4-FF4B-481D-BF28-83B6E55E22E9}.Debug|Any CPU.Build.0 = Debug|Any CPU
		{D377B0F4-FF4B-481D-BF28-83B6E55E22E9}.Debug|Any CPU.Deploy.0 = Debug|Any CPU
		{D377B0F4-FF4B-481D-BF28-83B6E55E22E9}.Release|Any CPU.ActiveCfg = Release|Any CPU
		{D377B0F4-FF4B-481D-BF28-83B6E55E22E9}.Release|Any CPU.Build.0 = Release|Any CPU
		{D377B0F4-FF4B-481D-BF28-83B6E55E22E9}.Release|Any CPU.Deploy.0 = Release|Any CPU
	EndGlobalSection
	GlobalSection(SolutionProperties) = preSolution
		HideSolutionNode = FALSE
	EndGlobalSection
EndGlobal
